// !$*UTF8*$!
{
	archiveVersion = 1;
	classes = {
	};
	objectVersion = 48;
	objects = {

/* Begin PBXBuildFile section */
		242CEE67291EED471D09D326 /* libPods-AlertTableView.a in Frameworks */ = {isa = PBXBuildFile; fileRef = 4FBFC9A42AD5B8B994BB7B44 /* libPods-AlertTableView.a */; };
		492A4B4F206E1D52009467B9 /* AlertTableImageSet.xcassets in Resources */ = {isa = PBXBuildFile; fileRef = 492A4B4E206E1D52009467B9 /* AlertTableImageSet.xcassets */; };
		493887AD206D22CA003F3209 /* AppDelegate.m in Sources */ = {isa = PBXBuildFile; fileRef = 493887AC206D22CA003F3209 /* AppDelegate.m */; };
		493887B0206D22CA003F3209 /* ViewController.m in Sources */ = {isa = PBXBuildFile; fileRef = 493887AF206D22CA003F3209 /* ViewController.m */; };
		493887B3206D22CA003F3209 /* Main.storyboard in Resources */ = {isa = PBXBuildFile; fileRef = 493887B1206D22CA003F3209 /* Main.storyboard */; };
		493887B5206D22CA003F3209 /* Assets.xcassets in Resources */ = {isa = PBXBuildFile; fileRef = 493887B4206D22CA003F3209 /* Assets.xcassets */; };
		493887B8206D22CA003F3209 /* LaunchScreen.storyboard in Resources */ = {isa = PBXBuildFile; fileRef = 493887B6206D22CA003F3209 /* LaunchScreen.storyboard */; };
		493887BB206D22CA003F3209 /* main.m in Sources */ = {isa = PBXBuildFile; fileRef = 493887BA206D22CA003F3209 /* main.m */; };
		493887C4206D2345003F3209 /* AlertTableView.m in Sources */ = {isa = PBXBuildFile; fileRef = 493887C3206D2345003F3209 /* AlertTableView.m */; };
/* End PBXBuildFile section */

/* Begin PBXFileReference section */
		2D354D0C8F1FC92EC87D3BEB /* Pods-AlertTableView.debug.xcconfig */ = {isa = PBXFileReference; includeInIndex = 1; lastKnownFileType = text.xcconfig; name = "Pods-AlertTableView.debug.xcconfig"; path = "Pods/Target Support Files/Pods-AlertTableView/Pods-AlertTableView.debug.xcconfig"; sourceTree = "<group>"; };
		492A4B4E206E1D52009467B9 /* AlertTableImageSet.xcassets */ = {isa = PBXFileReference; lastKnownFileType = folder.assetcatalog; path = AlertTableImageSet.xcassets; sourceTree = "<group>"; };
		493887A8206D22CA003F3209 /* AlertTableView.app */ = {isa = PBXFileReference; explicitFileType = wrapper.application; includeInIndex = 0; path = AlertTableView.app; sourceTree = BUILT_PRODUCTS_DIR; };
		493887AB206D22CA003F3209 /* AppDelegate.h */ = {isa = PBXFileReference; lastKnownFileType = sourcecode.c.h; path = AppDelegate.h; sourceTree = "<group>"; };
		493887AC206D22CA003F3209 /* AppDelegate.m */ = {isa = PBXFileReference; lastKnownFileType = sourcecode.c.objc; path = AppDelegate.m; sourceTree = "<group>"; };
		493887AE206D22CA003F3209 /* ViewController.h */ = {isa = PBXFileReference; lastKnownFileType = sourcecode.c.h; path = ViewController.h; sourceTree = "<group>"; };
		493887AF206D22CA003F3209 /* ViewController.m */ = {isa = PBXFileReference; lastKnownFileType = sourcecode.c.objc; path = ViewController.m; sourceTree = "<group>"; };
		493887B2206D22CA003F3209 /* Base */ = {isa = PBXFileReference; lastKnownFileType = file.storyboard; name = Base; path = Base.lproj/Main.storyboard; sourceTree = "<group>"; };
		493887B4206D22CA003F3209 /* Assets.xcassets */ = {isa = PBXFileReference; lastKnownFileType = folder.assetcatalog; path = Assets.xcassets; sourceTree = "<group>"; };
		493887B7206D22CA003F3209 /* Base */ = {isa = PBXFileReference; lastKnownFileType = file.storyboard; name = Base; path = Base.lproj/LaunchScreen.storyboard; sourceTree = "<group>"; };
		493887B9206D22CA003F3209 /* Info.plist */ = {isa = PBXFileReference; lastKnownFileType = text.plist.xml; path = Info.plist; sourceTree = "<group>"; };
		493887BA206D22CA003F3209 /* main.m */ = {isa = PBXFileReference; lastKnownFileType = sourcecode.c.objc; path = main.m; sourceTree = "<group>"; };
		493887C2206D2345003F3209 /* AlertTableView.h */ = {isa = PBXFileReference; lastKnownFileType = sourcecode.c.h; path = AlertTableView.h; sourceTree = "<group>"; };
		493887C3206D2345003F3209 /* AlertTableView.m */ = {isa = PBXFileReference; lastKnownFileType = sourcecode.c.objc; path = AlertTableView.m; sourceTree = "<group>"; };
		4FBFC9A42AD5B8B994BB7B44 /* libPods-AlertTableView.a */ = {isa = PBXFileReference; explicitFileType = archive.ar; includeInIndex = 0; path = "libPods-AlertTableView.a"; sourceTree = BUILT_PRODUCTS_DIR; };
		BF4AF68DB4EB0ABD8F21C136 /* Pods-AlertTableView.release.xcconfig */ = {isa = PBXFileReference; includeInIndex = 1; lastKnownFileType = text.xcconfig; name = "Pods-AlertTableView.release.xcconfig"; path = "Pods/Target Support Files/Pods-AlertTableView/Pods-AlertTableView.release.xcconfig"; sourceTree = "<group>"; };
/* End PBXFileReference section */

/* Begin PBXFrameworksBuildPhase section */
		493887A5206D22CA003F3209 /* Frameworks */ = {
			isa = PBXFrameworksBuildPhase;
			buildActionMask = 2147483647;
			files = (
				242CEE67291EED471D09D326 /* libPods-AlertTableView.a in Frameworks */,
			);
			runOnlyForDeploymentPostprocessing = 0;
		};
/* End PBXFrameworksBuildPhase section */

/* Begin PBXGroup section */
		1C8706A88C5DFF8A5806769A /* Pods */ = {
			isa = PBXGroup;
			children = (
				2D354D0C8F1FC92EC87D3BEB /* Pods-AlertTableView.debug.xcconfig */,
				BF4AF68DB4EB0ABD8F21C136 /* Pods-AlertTableView.release.xcconfig */,
			);
			name = Pods;
			sourceTree = "<group>";
		};
		4938879F206D22CA003F3209 = {
			isa = PBXGroup;
			children = (
				493887AA206D22CA003F3209 /* AlertTableView */,
				493887A9206D22CA003F3209 /* Products */,
				1C8706A88C5DFF8A5806769A /* Pods */,
				8898A470EDF37BBBF7CB52C2 /* Frameworks */,
			);
			sourceTree = "<group>";
		};
		493887A9206D22CA003F3209 /* Products */ = {
			isa = PBXGroup;
			children = (
				493887A8206D22CA003F3209 /* AlertTableView.app */,
			);
			name = Products;
			sourceTree = "<group>";
		};
		493887AA206D22CA003F3209 /* AlertTableView */ = {
			isa = PBXGroup;
			children = (
				493887C1206D2314003F3209 /* AlertTableView */,
				493887AB206D22CA003F3209 /* AppDelegate.h */,
				493887AC206D22CA003F3209 /* AppDelegate.m */,
				493887AE206D22CA003F3209 /* ViewController.h */,
				493887AF206D22CA003F3209 /* ViewController.m */,
				493887B1206D22CA003F3209 /* Main.storyboard */,
				493887B4206D22CA003F3209 /* Assets.xcassets */,
				493887B6206D22CA003F3209 /* LaunchScreen.storyboard */,
				493887B9206D22CA003F3209 /* Info.plist */,
				493887BA206D22CA003F3209 /* main.m */,
			);
			path = AlertTableView;
			sourceTree = "<group>";
		};
		493887C1206D2314003F3209 /* AlertTableView */ = {
			isa = PBXGroup;
			children = (
				493887C2206D2345003F3209 /* AlertTableView.h */,
				493887C3206D2345003F3209 /* AlertTableView.m */,
				492A4B4E206E1D52009467B9 /* AlertTableImageSet.xcassets */,
			);
			path = AlertTableView;
			sourceTree = "<group>";
		};
		8898A470EDF37BBBF7CB52C2 /* Frameworks */ = {
			isa = PBXGroup;
			children = (
				4FBFC9A42AD5B8B994BB7B44 /* libPods-AlertTableView.a */,
			);
			name = Frameworks;
			sourceTree = "<group>";
		};
/* End PBXGroup section */

/* Begin PBXNativeTarget section */
		493887A7206D22CA003F3209 /* AlertTableView */ = {
			isa = PBXNativeTarget;
			buildConfigurationList = 493887BE206D22CA003F3209 /* Build configuration list for PBXNativeTarget "AlertTableView" */;
			buildPhases = (
				2B69E11F097F8B98C1AF583C /* [CP] Check Pods Manifest.lock */,
				493887A4206D22CA003F3209 /* Sources */,
				493887A5206D22CA003F3209 /* Frameworks */,
				493887A6206D22CA003F3209 /* Resources */,
				82773C79684A5D61A773583D /* [CP] Embed Pods Frameworks */,
				5FF23EBC3057182D930EE59A /* [CP] Copy Pods Resources */,
			);
			buildRules = (
			);
			dependencies = (
			);
			name = AlertTableView;
			productName = AlertTableView;
			productReference = 493887A8206D22CA003F3209 /* AlertTableView.app */;
			productType = "com.apple.product-type.application";
		};
/* End PBXNativeTarget section */

/* Begin PBXProject section */
		493887A0206D22CA003F3209 /* Project object */ = {
			isa = PBXProject;
			attributes = {
				LastUpgradeCheck = 0920;
				ORGANIZATIONNAME = apple;
				TargetAttributes = {
					493887A7206D22CA003F3209 = {
						CreatedOnToolsVersion = 9.2;
						ProvisioningStyle = Manual;
					};
				};
			};
			buildConfigurationList = 493887A3206D22CA003F3209 /* Build configuration list for PBXProject "AlertTableView" */;
			compatibilityVersion = "Xcode 8.0";
			developmentRegion = en;
			hasScannedForEncodings = 0;
			knownRegions = (
				en,
				Base,
			);
			mainGroup = 4938879F206D22CA003F3209;
			productRefGroup = 493887A9206D22CA003F3209 /* Products */;
			projectDirPath = "";
			projectRoot = "";
			targets = (
				493887A7206D22CA003F3209 /* AlertTableView */,
			);
		};
/* End PBXProject section */

/* Begin PBXResourcesBuildPhase section */
		493887A6206D22CA003F3209 /* Resources */ = {
			isa = PBXResourcesBuildPhase;
			buildActionMask = 2147483647;
			files = (
				493887B8206D22CA003F3209 /* LaunchScreen.storyboard in Resources */,
				493887B5206D22CA003F3209 /* Assets.xcassets in Resources */,
				492A4B4F206E1D52009467B9 /* AlertTableImageSet.xcassets in Resources */,
				493887B3206D22CA003F3209 /* Main.storyboard in Resources */,
			);
			runOnlyForDeploymentPostprocessing = 0;
		};
/* End PBXResourcesBuildPhase section */

/* Begin PBXShellScriptBuildPhase section */
		2B69E11F097F8B98C1AF583C /* [CP] Check Pods Manifest.lock */ = {
			isa = PBXShellScriptBuildPhase;
			buildActionMask = 2147483647;
			files = (
			);
			inputPaths = (
				"${PODS_PODFILE_DIR_PATH}/Podfile.lock",
				"${PODS_ROOT}/Manifest.lock",
			);
			name = "[CP] Check Pods Manifest.lock";
			outputPaths = (
				"$(DERIVED_FILE_DIR)/Pods-AlertTableView-checkManifestLockResult.txt",
			);
			runOnlyForDeploymentPostprocessing = 0;
			shellPath = /bin/sh;
			shellScript = "diff \"${PODS_PODFILE_DIR_PATH}/Podfile.lock\" \"${PODS_ROOT}/Manifest.lock\" > /dev/null\nif [ $? != 0 ] ; then\n    # print error to STDERR\n    echo \"error: The sandbox is not in sync with the Podfile.lock. Run 'pod install' or update your CocoaPods installation.\" >&2\n    exit 1\nfi\n# This output is used by Xcode 'outputs' to avoid re-running this script phase.\necho \"SUCCESS\" > \"${SCRIPT_OUTPUT_FILE_0}\"\n";
			showEnvVarsInLog = 0;
		};
		5FF23EBC3057182D930EE59A /* [CP] Copy Pods Resources */ = {
			isa = PBXShellScriptBuildPhase;
			buildActionMask = 2147483647;
			files = (
			);
			inputPaths = (
			);
			name = "[CP] Copy Pods Resources";
			outputPaths = (
			);
			runOnlyForDeploymentPostprocessing = 0;
			shellPath = /bin/sh;
			shellScript = "\"${SRCROOT}/Pods/Target Support Files/Pods-AlertTableView/Pods-AlertTableView-resources.sh\"\n";
			showEnvVarsInLog = 0;
		};
		82773C79684A5D61A773583D /* [CP] Embed Pods Frameworks */ = {
			isa = PBXShellScriptBuildPhase;
			buildActionMask = 2147483647;
			files = (
			);
			inputPaths = (
			);
			name = "[CP] Embed Pods Frameworks";
			outputPaths = (
			);
			runOnlyForDeploymentPostprocessing = 0;
			shellPath = /bin/sh;
			shellScript = "\"${SRCROOT}/Pods/Target Support Files/Pods-AlertTableView/Pods-AlertTableView-frameworks.sh\"\n";
			showEnvVarsInLog = 0;
		};
/* End PBXShellScriptBuildPhase section */

/* Begin PBXSourcesBuildPhase section */
		493887A4206D22CA003F3209 /* Sources */ = {
			isa = PBXSourcesBuildPhase;
			buildActionMask = 2147483647;
			files = (
				493887B0206D22CA003F3209 /* ViewController.m in Sources */,
				493887BB206D22CA003F3209 /* main.m in Sources */,
				493887C4206D2345003F3209 /* AlertTableView.m in Sources */,
				493887AD206D22CA003F3209 /* AppDelegate.m in Sources */,
			);
			runOnlyForDeploymentPostprocessing = 0;
		};
/* End PBXSourcesBuildPhase section */

/* Begin PBXVariantGroup section */
		493887B1206D22CA003F3209 /* Main.storyboard */ = {
			isa = PBXVariantGroup;
			children = (
				493887B2206D22CA003F3209 /* Base */,
			);
			name = Main.storyboard;
			sourceTree = "<group>";
		};
		493887B6206D22CA003F3209 /* LaunchScreen.storyboard */ = {
			isa = PBXVariantGroup;
			children = (
				493887B7206D22CA003F3209 /* Base */,
			);
			name = LaunchScreen.storyboard;
			sourceTree = "<group>";
		};
/* End PBXVariantGroup section */

/* Begin XCBuildConfiguration section */
		493887BC206D22CA003F3209 /* Debug */ = {
			isa = XCBuildConfiguration;
			buildSettings = {
				ALWAYS_SEARCH_USER_PATHS = NO;
				CLANG_ANALYZER_NONNULL = YES;
				CLANG_ANALYZER_NUMBER_OBJECT_CONVERSION = YES_AGGRESSIVE;
				CLANG_CXX_LANGUAGE_STANDARD = "gnu++14";
				CLANG_CXX_LIBRARY = "libc++";
				CLANG_ENABLE_MODULES = YES;
				CLANG_ENABLE_OBJC_ARC = YES;
				CLANG_WARN_BLOCK_CAPTURE_AUTORELEASING = YES;
				CLANG_WARN_BOOL_CONVERSION = YES;
				CLANG_WARN_COMMA = YES;
				CLANG_WARN_CONSTANT_CONVERSION = YES;
				CLANG_WARN_DIRECT_OBJC_ISA_USAGE = YES_ERROR;
				CLANG_WARN_DOCUMENTATION_COMMENTS = YES;
				CLANG_WARN_EMPTY_BODY = YES;
				CLANG_WARN_ENUM_CONVERSION = YES;
				CLANG_WARN_INFINITE_RECURSION = YES;
				CLANG_WARN_INT_CONVERSION = YES;
				CLANG_WARN_NON_LITERAL_NULL_CONVERSION = YES;
				CLANG_WARN_OBJC_LITERAL_CONVERSION = YES;
				CLANG_WARN_OBJC_ROOT_CLASS = YES_ERROR;
				CLANG_WARN_RANGE_LOOP_ANALYSIS = YES;
				CLANG_WARN_STRICT_PROTOTYPES = YES;
				CLANG_WARN_SUSPICIOUS_MOVE = YES;
				CLANG_WARN_UNGUARDED_AVAILABILITY = YES_AGGRESSIVE;
				CLANG_WARN_UNREACHABLE_CODE = YES;
				CLANG_WARN__DUPLICATE_METHOD_MATCH = YES;
				CODE_SIGN_IDENTITY = "iPhone Developer";
				COPY_PHASE_STRIP = NO;
				DEBUG_INFORMATION_FORMAT = dwarf;
				ENABLE_STRICT_OBJC_MSGSEND = YES;
				ENABLE_TESTABILITY = YES;
				GCC_C_LANGUAGE_STANDARD = gnu11;
				GCC_DYNAMIC_NO_PIC = NO;
				GCC_NO_COMMON_BLOCKS = YES;
				GCC_OPTIMIZATION_LEVEL = 0;
				GCC_PREPROCESSOR_DEFINITIONS = (
					"DEBUG=1",
					"$(inherited)",
				);
				GCC_WARN_64_TO_32_BIT_CONVERSION = YES;
				GCC_WARN_ABOUT_RETURN_TYPE = YES_ERROR;
				GCC_WARN_UNDECLARED_SELECTOR = YES;
				GCC_WARN_UNINITIALIZED_AUTOS = YES_AGGRESSIVE;
				GCC_WARN_UNUSED_FUNCTION = YES;
				GCC_WARN_UNUSED_VARIABLE = YES;
				IPHONEOS_DEPLOYMENT_TARGET = 11.2;
				MTL_ENABLE_DEBUG_INFO = YES;
				ONLY_ACTIVE_ARCH = YES;
				SDKROOT = iphoneos;
			};
			name = Debug;
		};
		493887BD206D22CA003F3209 /* Release */ = {
			isa = XCBuildConfiguration;
			buildSettings = {
				ALWAYS_SEARCH_USER_PATHS = NO;
				CLANG_ANALYZER_NONNULL = YES;
				CLANG_ANALYZER_NUMBER_OBJECT_CONVERSION = YES_AGGRESSIVE;
				CLANG_CXX_LANGUAGE_STANDARD = "gnu++14";
				CLANG_CXX_LIBRARY = "libc++";
				CLANG_ENABLE_MODULES = YES;
				CLANG_ENABLE_OBJC_ARC = YES;
				CLANG_WARN_BLOCK_CAPTURE_AUTORELEASING = YES;
				CLANG_WARN_BOOL_CONVERSION = YES;
				CLANG_WARN_COMMA = YES;
				CLANG_WARN_CONSTANT_CONVERSION = YES;
				CLANG_WARN_DIRECT_OBJC_ISA_USAGE = YES_ERROR;
				CLANG_WARN_DOCUMENTATION_COMMENTS = YES;
				CLANG_WARN_EMPTY_BODY = YES;
				CLANG_WARN_ENUM_CONVERSION = YES;
				CLANG_WARN_INFINITE_RECURSION = YES;
				CLANG_WARN_INT_CONVERSION = YES;
				CLANG_WARN_NON_LITERAL_NULL_CONVERSION = YES;
				CLANG_WARN_OBJC_LITERAL_CONVERSION = YES;
				CLANG_WARN_OBJC_ROOT_CLASS = YES_ERROR;
				CLANG_WARN_RANGE_LOOP_ANALYSIS = YES;
				CLANG_WARN_STRICT_PROTOTYPES = YES;
				CLANG_WARN_SUSPICIOUS_MOVE = YES;
				CLANG_WARN_UNGUARDED_AVAILABILITY = YES_AGGRESSIVE;
				CLANG_WARN_UNREACHABLE_CODE = YES;
				CLANG_WARN__DUPLICATE_METHOD_MATCH = YES;
				CODE_SIGN_IDENTITY = "iPhone Developer";
				COPY_PHASE_STRIP = NO;
				DEBUG_INFORMATION_FORMAT = "dwarf-with-dsym";
				ENABLE_NS_ASSERTIONS = NO;
				ENABLE_STRICT_OBJC_MSGSEND = YES;
				GCC_C_LANGUAGE_STANDARD = gnu11;
				GCC_NO_COMMON_BLOCKS = YES;
				GCC_WARN_64_TO_32_BIT_CONVERSION = YES;
				GCC_WARN_ABOUT_RETURN_TYPE = YES_ERROR;
				GCC_WARN_UNDECLARED_SELECTOR = YES;
				GCC_WARN_UNINITIALIZED_AUTOS = YES_AGGRESSIVE;
				GCC_WARN_UNUSED_FUNCTION = YES;
				GCC_WARN_UNUSED_VARIABLE = YES;
				IPHONEOS_DEPLOYMENT_TARGET = 11.2;
				MTL_ENABLE_DEBUG_INFO = NO;
				SDKROOT = iphoneos;
				VALIDATE_PRODUCT = YES;
			};
			name = Release;
		};
		493887BF206D22CA003F3209 /* Debug */ = {
			isa = XCBuildConfiguration;
			baseConfigurationReference = 2D354D0C8F1FC92EC87D3BEB /* Pods-AlertTableView.debug.xcconfig */;
			buildSettings = {
				ASSETCATALOG_COMPILER_APPICON_NAME = AppIcon;
				CODE_SIGN_STYLE = Manual;
				DEVELOPMENT_TEAM = DHQ8SWYG8V;
				INFOPLIST_FILE = AlertTableView/Info.plist;
				IPHONEOS_DEPLOYMENT_TARGET = 9.0;
				LD_RUNPATH_SEARCH_PATHS = "$(inherited) @executable_path/Frameworks";
				PRODUCT_BUNDLE_IDENTIFIER = com.CC.WeSee;
				PRODUCT_NAME = "$(TARGET_NAME)";
				PROVISIONING_PROFILE = "7b2f48a5-6d47-4f85-9522-d5c30f0b9d73";
				PROVISIONING_PROFILE_SPECIFIER = cctvDevelopment;
				TARGETED_DEVICE_FAMILY = "1,2";
			};
			name = Debug;
		};
		493887C0206D22CA003F3209 /* Release */ = {
			isa = XCBuildConfiguration;
			baseConfigurationReference = BF4AF68DB4EB0ABD8F21C136 /* Pods-AlertTableView.release.xcconfig */;
			buildSettings = {
				ASSETCATALOG_COMPILER_APPICON_NAME = AppIcon;
				CODE_SIGN_STYLE = Manual;
				DEVELOPMENT_TEAM = DHQ8SWYG8V;
				INFOPLIST_FILE = AlertTableView/Info.plist;
				IPHONEOS_DEPLOYMENT_TARGET = 9.0;
				LD_RUNPATH_SEARCH_PATHS = "$(inherited) @executable_path/Frameworks";
				PRODUCT_BUNDLE_IDENTIFIER = com.CC.WeSee;
				PRODUCT_NAME = "$(TARGET_NAME)";
				PROVISIONING_PROFILE = "7b2f48a5-6d47-4f85-9522-d5c30f0b9d73";
				PROVISIONING_PROFILE_SPECIFIER = cctvDevelopment;
				TARGETED_DEVICE_FAMILY = "1,2";
			};
			name = Release;
		};
/* End XCBuildConfiguration section */

/* Begin XCConfigurationList section */
		493887A3206D22CA003F3209 /* Build configuration list for PBXProject "AlertTableView" */ = {
			isa = XCConfigurationList;
			buildConfigurations = (
				493887BC206D22CA003F3209 /* Debug */,
				493887BD206D22CA003F3209 /* Release */,
			);
			defaultConfigurationIsVisible = 0;
			defaultConfigurationName = Release;
		};
		493887BE206D22CA003F3209 /* Build configuration list for PBXNativeTarget "AlertTableView" */ = {
			isa = XCConfigurationList;
			buildConfigurations = (
				493887BF206D22CA003F3209 /* Debug */,
				493887C0206D22CA003F3209 /* Release */,
			);
			defaultConfigurationIsVisible = 0;
			defaultConfigurationName = Release;
		};
/* End XCConfigurationList section */
	};
	rootObject = 493887A0206D22CA003F3209 /* Project object */;
}
